<Solution>
  <Folder Name="/benchmarks/">
    <Project Path="benchmarks/ResumableExtractor.Benchmarks/ResumableExtractor.Benchmarks.csproj" />
  </Folder>
  <Folder Name="/src/">
    <Project Path="src/ResumableExtractor.Worker/ResumableExtractor.Worker.csproj" />
  </Folder>
  <Folder Name="/tests/">
    <Project Path="tests/ResumableExtractor.Tests/ResumableExtractor.Tests.csproj" />
  </Folder>
</Solution>
